
Microsoft Visual Studio Solution File, Format Version 12.00
# Visual Studio Version 17
VisualStudioVersion = 17.14.36429.23 d17.14
MinimumVisualStudioVersion = 10.0.40219.1
Project("{FAE04EC0-301F-11D3-BF4B-00C04F79EFBC}") = "TodoApi", "TodoApi\TodoApi.csproj", "{E7586F44-BAD6-4D7A-8807-1FBA22A260FA}"
EndProject
Global
	GlobalSection(SolutionConfigurationPlatforms) = preSolution
		Debug|Any CPU = Debug|Any CPU
		Release|Any CPU = Release|Any CPU
	EndGlobalSection
	GlobalSection(ProjectConfigurationPlatforms) = postSolution
		{E7586F44-BAD6-4D7A-8807-1FBA22A260FA}.Debug|Any CPU.ActiveCfg = Debug|Any CPU
		{E7586F44-BAD6-4D7A-8807-1FBA22A260FA}.Debug|Any CPU.Build.0 = Debug|Any CPU
		{E7586F44-BAD6-4D7A-8807-1FBA22A260FA}.Release|Any CPU.ActiveCfg = Release|Any CPU
		{E7586F44-BAD6-4D7A-8807-1FBA22A260FA}.Release|Any CPU.Build.0 = Release|Any CPU
	EndGlobalSection
	GlobalSection(SolutionProperties) = preSolution
		HideSolutionNode = FALSE
	EndGlobalSection
	GlobalSection(ExtensibilityGlobals) = postSolution
		SolutionGuid = {6F3FE41A-0207-4E5D-A155-D084711AB0CC}
	EndGlobalSection
EndGlobal
